{
  "name": "claude-spine-validator",
  "lockfileVersion": 3,
  "requires": true,
  "packages": {
    "": {
      "name": "claude-spine-validator",
      "dependencies": {
        "@esotericsoftware/spine-core": "4.2.120"
      }
    },
    "node_modules/@esotericsoftware/spine-core": {
      "version": "4.2.120",
      "resolved": "https://registry.npmjs.org/@esotericsoftware/spine-core/-/spine-core-4.2.120.tgz",
      "integrity": "sha512-X62MPnfiZTWok4Wk5Q5DqaAUBUFypKpb94IVd1W/j4eLHhg0HH3tve4HvIlkgxDpls2NokHaAtzjxX12rJknOA==",
      "license": "LicenseRef-LICENSE"
    }
  }
}
